{"format_version":"1.2","terraform_version":"1.5.1","variables":{"AZ":{"value":"sa-east-1a"},"ami_id":{"value":"ami-0af6e9042ea5a4e3e"},"aws_access_key":{"value":"AKIASN7ZKVIVHA2RVIZT"},"aws_region":{"value":"sa-east-1"},"aws_secret_key":{"value":"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"},"instance_type":{"value":"t2.micro"}},"planned_values":{"root_module":{"resources":[{"address":"aws_eip.one","mode":"managed","type":"aws_eip","name":"one","provider_name":"registry.terraform.io/hashicorp/aws","schema_version":0,"values":{"address":null,"associate_with_private_ip":"10.0.1.50","customer_owned_ipv4_pool":null,"tags":null,"timeouts":null,"vpc":true},"sensitive_values":{"tags_all":{}}},{"address":"aws_instance.first-terraform-server","mode":"managed","type":"aws_instance","name":"first-terraform-server","provider_name":"registry.terraform.io/hashicorp/aws","schema_version":1,"values":{"ami":"ami-0af6e9042ea5a4e3e","availability_zone":"sa-east-1a","credit_specification":[],"get_password_data":false,"hibernation":null,"instance_type":"t2.micro","key_name":"terraform-main","launch_template":[],"network_interface":[{"delete_on_termination":false,"device_index":0,"network_card_index":0}],"source_dest_check":null,"tags":{"Name":"web-server"},"tags_all":{"Name":"web-server"},"timeouts":null,"user_data":"3c8fd083a61b1d539a6a513cdaf0d5a1590af5cd","user_data_replace_on_change":false,"volume_tags":null},"sensitive_values":{"capacity_reservation_specification":[],"cpu_options":[],"credit_specification":[],"ebs_block_device":[],"enclave_options":[],"ephemeral_block_device":[],"ipv6_addresses":[],"launch_template":[],"maintenance_options":[],"metadata_options":[],"network_interface":[{}],"private_dns_name_options":[],"root_block_device":[],"secondary_private_ips":[],"security_groups":[],"tags":{},"tags_all":{},"vpc_security_group_ids":[]}},{"address":"aws_internet_gateway.gw","mode":"managed","type":"aws_internet_gateway","name":"gw","provider_name":"registry.terraform.io/hashicorp/aws","schema_version":0,"values":{"tags":null,"timeouts":null},"sensitive_values":{"tags_all":{}}},{"address":"aws_network_interface.web-server-nic","mode":"managed","type":"aws_network_interface","name":"web-server-nic","provider_name":"registry.terraform.io/hashicorp/aws","schema_version":0,"values":{"description":null,"ipv6_address_list_enabled":false,"private_ip_list_enabled":false,"private_ips":["10.0.1.50"],"source_dest_check":true,"tags":null},"sensitive_values":{"attachment":[],"ipv4_prefixes":[],"ipv6_address_list":[],"ipv6_addresses":[],"ipv6_prefixes":[],"private_ip_list":[],"private_ips":[false],"security_groups":[],"tags_all":{}}},{"address":"aws_route_table.prod-route-table","mode":"managed","type":"aws_route_table","name":"prod-route-table","provider_name":"registry.terraform.io/hashicorp/aws","schema_version":0,"values":{"route":[{"carrier_gateway_id":"","cidr_block":"","core_network_arn":"","destination_prefix_list_id":"","egress_only_gateway_id":"","instance_id":"","ipv6_cidr_block":"::/0","local_gateway_id":"","nat_gateway_id":"","network_interface_id":"","transit_gateway_id":"","vpc_endpoint_id":"","vpc_peering_connection_id":""},{"carrier_gateway_id":"","cidr_block":"0.0.0.0/0","core_network_arn":"","destination_prefix_list_id":"","egress_only_gateway_id":"","instance_id":"","ipv6_cidr_block":"","local_gateway_id":"","nat_gateway_id":"","network_interface_id":"","transit_gateway_id":"","vpc_endpoint_id":"","vpc_peering_connection_id":""}],"tags":{"Name":"prod"},"tags_all":{"Name":"prod"},"timeouts":null},"sensitive_values":{"propagating_vgws":[],"route":[{},{}],"tags":{},"tags_all":{}}},{"address":"aws_route_table_association.a","mode":"managed","type":"aws_route_table_association","name":"a","provider_name":"registry.terraform.io/hashicorp/aws","schema_version":0,"values":{"gateway_id":null,"timeouts":null},"sensitive_values":{}},{"address":"aws_security_group.allow_web","mode":"managed","type":"aws_security_group","name":"allow_web","provider_name":"registry.terraform.io/hashicorp/aws","schema_version":1,"values":{"description":"Allow web traffic","egress":[{"cidr_blocks":["0.0.0.0/0"],"description":"","from_port":0,"ipv6_cidr_blocks":[],"prefix_list_ids":[],"protocol":"-1","security_groups":[],"self":false,"to_port":0}],"ingress":[{"cidr_blocks":["0.0.0.0/0"],"description":"HTTP","from_port":80,"ipv6_cidr_blocks":[],"prefix_list_ids":[],"protocol":"tcp","security_groups":[],"self":false,"to_port":80},{"cidr_blocks":["0.0.0.0/0"],"description":"HTTPS","from_port":443,"ipv6_cidr_blocks":[],"prefix_list_ids":[],"protocol":"tcp","security_groups":[],"self":false,"to_port":443},{"cidr_blocks":["0.0.0.0/0"],"description":"SSH","from_port":22,"ipv6_cidr_blocks":[],"prefix_list_ids":[],"protocol":"tcp","security_groups":[],"self":false,"to_port":22}],"name":"allow_web","revoke_rules_on_delete":false,"tags":{"Name":"allow_web"},"tags_all":{"Name":"allow_web"},"timeouts":null},"sensitive_values":{"egress":[{"cidr_blocks":[false],"ipv6_cidr_blocks":[],"prefix_list_ids":[],"security_groups":[]}],"ingress":[{"cidr_blocks":[false],"ipv6_cidr_blocks":[],"prefix_list_ids":[],"security_groups":[]},{"cidr_blocks":[false],"ipv6_cidr_blocks":[],"prefix_list_ids":[],"security_groups":[]},{"cidr_blocks":[false],"ipv6_cidr_blocks":[],"prefix_list_ids":[],"security_groups":[]}],"tags":{},"tags_all":{}}},{"address":"aws_subnet.subnet-1","mode":"managed","type":"aws_subnet","name":"subnet-1","provider_name":"registry.terraform.io/hashicorp/aws","schema_version":1,"values":{"assign_ipv6_address_on_creation":false,"availability_zone":"sa-east-1a","cidr_block":"10.0.1.0/24","customer_owned_ipv4_pool":null,"enable_dns64":false,"enable_lni_at_device_index":null,"enable_resource_name_dns_a_record_on_launch":false,"enable_resource_name_dns_aaaa_record_on_launch":false,"ipv6_cidr_block":null,"ipv6_native":false,"map_customer_owned_ip_on_launch":null,"map_public_ip_on_launch":false,"outpost_arn":null,"tags":{"Name":"prod-subnet"},"tags_all":{"Name":"prod-subnet"},"timeouts":null},"sensitive_values":{"tags":{},"tags_all":{}}},{"address":"aws_vpc.prod-vpc","mode":"managed","type":"aws_vpc","name":"prod-vpc","provider_name":"registry.terraform.io/hashicorp/aws","schema_version":1,"values":{"assign_generated_ipv6_cidr_block":null,"cidr_block":"10.0.0.0/16","enable_dns_support":true,"instance_tenancy":"default","ipv4_ipam_pool_id":null,"ipv4_netmask_length":null,"ipv6_ipam_pool_id":null,"ipv6_netmask_length":null,"tags":{"Name":"production"},"tags_all":{"Name":"production"}},"sensitive_values":{"tags":{},"tags_all":{}}}]}},"resource_changes":[{"address":"aws_eip.one","mode":"managed","type":"aws_eip","name":"one","provider_name":"registry.terraform.io/hashicorp/aws","change":{"actions":["create"],"before":null,"after":{"address":null,"associate_with_private_ip":"10.0.1.50","customer_owned_ipv4_pool":null,"tags":null,"timeouts":null,"vpc":true},"after_unknown":{"allocation_id":true,"association_id":true,"carrier_ip":true,"customer_owned_ip":true,"domain":true,"id":true,"instance":true,"network_border_group":true,"network_interface":true,"private_dns":true,"private_ip":true,"public_dns":true,"public_ip":true,"public_ipv4_pool":true,"tags_all":true},"before_sensitive":false,"after_sensitive":{"tags_all":{}}}},{"address":"aws_instance.first-terraform-server","mode":"managed","type":"aws_instance","name":"first-terraform-server","provider_name":"registry.terraform.io/hashicorp/aws","change":{"actions":["create"],"before":null,"after":{"ami":"ami-0af6e9042ea5a4e3e","availability_zone":"sa-east-1a","credit_specification":[],"get_password_data":false,"hibernation":null,"instance_type":"t2.micro","key_name":"terraform-main","launch_template":[],"network_interface":[{"delete_on_termination":false,"device_index":0,"network_card_index":0}],"source_dest_check":null,"tags":{"Name":"web-server"},"tags_all":{"Name":"web-server"},"timeouts":null,"user_data":"3c8fd083a61b1d539a6a513cdaf0d5a1590af5cd","user_data_replace_on_change":false,"volume_tags":null},"after_unknown":{"arn":true,"associate_public_ip_address":true,"capacity_reservation_specification":true,"cpu_core_count":true,"cpu_options":true,"cpu_threads_per_core":true,"credit_specification":[],"disable_api_stop":true,"disable_api_termination":true,"ebs_block_device":true,"ebs_optimized":true,"enclave_options":true,"ephemeral_block_device":true,"host_id":true,"host_resource_group_arn":true,"iam_instance_profile":true,"id":true,"instance_initiated_shutdown_behavior":true,"instance_state":true,"ipv6_address_count":true,"ipv6_addresses":true,"launch_template":[],"maintenance_options":true,"metadata_options":true,"monitoring":true,"network_interface":[{"network_interface_id":true}],"outpost_arn":true,"password_data":true,"placement_group":true,"placement_partition_number":true,"primary_network_interface_id":true,"private_dns":true,"private_dns_name_options":true,"private_ip":true,"public_dns":true,"public_ip":true,"root_block_device":true,"secondary_private_ips":true,"security_groups":true,"subnet_id":true,"tags":{},"tags_all":{},"tenancy":true,"user_data_base64":true,"vpc_security_group_ids":true},"before_sensitive":false,"after_sensitive":{"capacity_reservation_specification":[],"cpu_options":[],"credit_specification":[],"ebs_block_device":[],"enclave_options":[],"ephemeral_block_device":[],"ipv6_addresses":[],"launch_template":[],"maintenance_options":[],"metadata_options":[],"network_interface":[{}],"private_dns_name_options":[],"root_block_device":[],"secondary_private_ips":[],"security_groups":[],"tags":{},"tags_all":{},"vpc_security_group_ids":[]}}},{"address":"aws_internet_gateway.gw","mode":"managed","type":"aws_internet_gateway","name":"gw","provider_name":"registry.terraform.io/hashicorp/aws","change":{"actions":["create"],"before":null,"after":{"tags":null,"timeouts":null},"after_unknown":{"arn":true,"id":true,"owner_id":true,"tags_all":true,"vpc_id":true},"before_sensitive":false,"after_sensitive":{"tags_all":{}}}},{"address":"aws_network_interface.web-server-nic","mode":"managed","type":"aws_network_interface","name":"web-server-nic","provider_name":"registry.terraform.io/hashicorp/aws","change":{"actions":["create"],"before":null,"after":{"description":null,"ipv6_address_list_enabled":false,"private_ip_list_enabled":false,"private_ips":["10.0.1.50"],"source_dest_check":true,"tags":null},"after_unknown":{"arn":true,"attachment":true,"id":true,"interface_type":true,"ipv4_prefix_count":true,"ipv4_prefixes":true,"ipv6_address_count":true,"ipv6_address_list":true,"ipv6_addresses":true,"ipv6_prefix_count":true,"ipv6_prefixes":true,"mac_address":true,"outpost_arn":true,"owner_id":true,"private_dns_name":true,"private_ip":true,"private_ip_list":true,"private_ips":[false],"private_ips_count":true,"security_groups":true,"subnet_id":true,"tags_all":true},"before_sensitive":false,"after_sensitive":{"attachment":[],"ipv4_prefixes":[],"ipv6_address_list":[],"ipv6_addresses":[],"ipv6_prefixes":[],"private_ip_list":[],"private_ips":[false],"security_groups":[],"tags_all":{}}}},{"address":"aws_route_table.prod-route-table","mode":"managed","type":"aws_route_table","name":"prod-route-table","provider_name":"registry.terraform.io/hashicorp/aws","change":{"actions":["create"],"before":null,"after":{"route":[{"carrier_gateway_id":"","cidr_block":"","core_network_arn":"","destination_prefix_list_id":"","egress_only_gateway_id":"","instance_id":"","ipv6_cidr_block":"::/0","local_gateway_id":"","nat_gateway_id":"","network_interface_id":"","transit_gateway_id":"","vpc_endpoint_id":"","vpc_peering_connection_id":""},{"carrier_gateway_id":"","cidr_block":"0.0.0.0/0","core_network_arn":"","destination_prefix_list_id":"","egress_only_gateway_id":"","instance_id":"","ipv6_cidr_block":"","local_gateway_id":"","nat_gateway_id":"","network_interface_id":"","transit_gateway_id":"","vpc_endpoint_id":"","vpc_peering_connection_id":""}],"tags":{"Name":"prod"},"tags_all":{"Name":"prod"},"timeouts":null},"after_unknown":{"arn":true,"id":true,"owner_id":true,"propagating_vgws":true,"route":[{"gateway_id":true},{"gateway_id":true}],"tags":{},"tags_all":{},"vpc_id":true},"before_sensitive":false,"after_sensitive":{"propagating_vgws":[],"route":[{},{}],"tags":{},"tags_all":{}}}},{"address":"aws_route_table_association.a","mode":"managed","type":"aws_route_table_association","name":"a","provider_name":"registry.terraform.io/hashicorp/aws","change":{"actions":["create"],"before":null,"after":{"gateway_id":null,"timeouts":null},"after_unknown":{"id":true,"route_table_id":true,"subnet_id":true},"before_sensitive":false,"after_sensitive":{}}},{"address":"aws_security_group.allow_web","mode":"managed","type":"aws_security_group","name":"allow_web","provider_name":"registry.terraform.io/hashicorp/aws","change":{"actions":["create"],"before":null,"after":{"description":"Allow web traffic","egress":[{"cidr_blocks":["0.0.0.0/0"],"description":"","from_port":0,"ipv6_cidr_blocks":[],"prefix_list_ids":[],"protocol":"-1","security_groups":[],"self":false,"to_port":0}],"ingress":[{"cidr_blocks":["0.0.0.0/0"],"description":"HTTP","from_port":80,"ipv6_cidr_blocks":[],"prefix_list_ids":[],"protocol":"tcp","security_groups":[],"self":false,"to_port":80},{"cidr_blocks":["0.0.0.0/0"],"description":"HTTPS","from_port":443,"ipv6_cidr_blocks":[],"prefix_list_ids":[],"protocol":"tcp","security_groups":[],"self":false,"to_port":443},{"cidr_blocks":["0.0.0.0/0"],"description":"SSH","from_port":22,"ipv6_cidr_blocks":[],"prefix_list_ids":[],"protocol":"tcp","security_groups":[],"self":false,"to_port":22}],"name":"allow_web","revoke_rules_on_delete":false,"tags":{"Name":"allow_web"},"tags_all":{"Name":"allow_web"},"timeouts":null},"after_unknown":{"arn":true,"egress":[{"cidr_blocks":[false],"ipv6_cidr_blocks":[],"prefix_list_ids":[],"security_groups":[]}],"id":true,"ingress":[{"cidr_blocks":[false],"ipv6_cidr_blocks":[],"prefix_list_ids":[],"security_groups":[]},{"cidr_blocks":[false],"ipv6_cidr_blocks":[],"prefix_list_ids":[],"security_groups":[]},{"cidr_blocks":[false],"ipv6_cidr_blocks":[],"prefix_list_ids":[],"security_groups":[]}],"name_prefix":true,"owner_id":true,"tags":{},"tags_all":{},"vpc_id":true},"before_sensitive":false,"after_sensitive":{"egress":[{"cidr_blocks":[false],"ipv6_cidr_blocks":[],"prefix_list_ids":[],"security_groups":[]}],"ingress":[{"cidr_blocks":[false],"ipv6_cidr_blocks":[],"prefix_list_ids":[],"security_groups":[]},{"cidr_blocks":[false],"ipv6_cidr_blocks":[],"prefix_list_ids":[],"security_groups":[]},{"cidr_blocks":[false],"ipv6_cidr_blocks":[],"prefix_list_ids":[],"security_groups":[]}],"tags":{},"tags_all":{}}}},{"address":"aws_subnet.subnet-1","mode":"managed","type":"aws_subnet","name":"subnet-1","provider_name":"registry.terraform.io/hashicorp/aws","change":{"actions":["create"],"before":null,"after":{"assign_ipv6_address_on_creation":false,"availability_zone":"sa-east-1a","cidr_block":"10.0.1.0/24","customer_owned_ipv4_pool":null,"enable_dns64":false,"enable_lni_at_device_index":null,"enable_resource_name_dns_a_record_on_launch":false,"enable_resource_name_dns_aaaa_record_on_launch":false,"ipv6_cidr_block":null,"ipv6_native":false,"map_customer_owned_ip_on_launch":null,"map_public_ip_on_launch":false,"outpost_arn":null,"tags":{"Name":"prod-subnet"},"tags_all":{"Name":"prod-subnet"},"timeouts":null},"after_unknown":{"arn":true,"availability_zone_id":true,"id":true,"ipv6_cidr_block_association_id":true,"owner_id":true,"private_dns_hostname_type_on_launch":true,"tags":{},"tags_all":{},"vpc_id":true},"before_sensitive":false,"after_sensitive":{"tags":{},"tags_all":{}}}},{"address":"aws_vpc.prod-vpc","mode":"managed","type":"aws_vpc","name":"prod-vpc","provider_name":"registry.terraform.io/hashicorp/aws","change":{"actions":["create"],"before":null,"after":{"assign_generated_ipv6_cidr_block":null,"cidr_block":"10.0.0.0/16","enable_dns_support":true,"instance_tenancy":"default","ipv4_ipam_pool_id":null,"ipv4_netmask_length":null,"ipv6_ipam_pool_id":null,"ipv6_netmask_length":null,"tags":{"Name":"production"},"tags_all":{"Name":"production"}},"after_unknown":{"arn":true,"default_network_acl_id":true,"default_route_table_id":true,"default_security_group_id":true,"dhcp_options_id":true,"enable_classiclink":true,"enable_classiclink_dns_support":true,"enable_dns_hostnames":true,"enable_network_address_usage_metrics":true,"id":true,"ipv6_association_id":true,"ipv6_cidr_block":true,"ipv6_cidr_block_network_border_group":true,"main_route_table_id":true,"owner_id":true,"tags":{},"tags_all":{}},"before_sensitive":false,"after_sensitive":{"tags":{},"tags_all":{}}}}],"configuration":{"provider_config":{"aws":{"name":"aws","full_name":"registry.terraform.io/hashicorp/aws","version_constraint":"~\u003e 4.0","expressions":{"access_key":{"references":["var.aws_access_key"]},"region":{"references":["var.aws_region"]},"secret_key":{"references":["var.aws_secret_key"]}}}},"root_module":{"resources":[{"address":"aws_eip.one","mode":"managed","type":"aws_eip","name":"one","provider_config_key":"aws","expressions":{"associate_with_private_ip":{"constant_value":"10.0.1.50"},"network_interface":{"references":["aws_network_interface.web-server-nic.id","aws_network_interface.web-server-nic"]},"vpc":{"constant_value":true}},"schema_version":0,"depends_on":["aws_internet_gateway.gw"]},{"address":"aws_instance.first-terraform-server","mode":"managed","type":"aws_instance","name":"first-terraform-server","provider_config_key":"aws","expressions":{"ami":{"references":["var.ami_id"]},"availability_zone":{"references":["var.AZ"]},"instance_type":{"references":["var.instance_type"]},"key_name":{"constant_value":"terraform-main"},"network_interface":[{"device_index":{"constant_value":0},"network_interface_id":{"references":["aws_network_interface.web-server-nic.id","aws_network_interface.web-server-nic"]}}],"tags":{"constant_value":{"Name":"web-server"}},"user_data":{"constant_value":"#!/bin/bash\nsudo apt update -y\nsudo apt install apache2 -y\nsudo systemctl start apache2\nsudo bash -c \"echo ela é uma pipoquinha pequena \u003e /var/www/html/index.html\"\n"}},"schema_version":1},{"address":"aws_internet_gateway.gw","mode":"managed","type":"aws_internet_gateway","name":"gw","provider_config_key":"aws","expressions":{"vpc_id":{"references":["aws_vpc.prod-vpc.id","aws_vpc.prod-vpc"]}},"schema_version":0},{"address":"aws_network_interface.web-server-nic","mode":"managed","type":"aws_network_interface","name":"web-server-nic","provider_config_key":"aws","expressions":{"private_ips":{"constant_value":["10.0.1.50"]},"security_groups":{"references":["aws_security_group.allow_web.id","aws_security_group.allow_web"]},"subnet_id":{"references":["aws_subnet.subnet-1.id","aws_subnet.subnet-1"]}},"schema_version":0},{"address":"aws_route_table.prod-route-table","mode":"managed","type":"aws_route_table","name":"prod-route-table","provider_config_key":"aws","expressions":{"route":{"references":["aws_internet_gateway.gw.id","aws_internet_gateway.gw","aws_internet_gateway.gw.id","aws_internet_gateway.gw"]},"tags":{"constant_value":{"Name":"prod"}},"vpc_id":{"references":["aws_vpc.prod-vpc.id","aws_vpc.prod-vpc"]}},"schema_version":0},{"address":"aws_route_table_association.a","mode":"managed","type":"aws_route_table_association","name":"a","provider_config_key":"aws","expressions":{"route_table_id":{"references":["aws_route_table.prod-route-table.id","aws_route_table.prod-route-table"]},"subnet_id":{"references":["aws_subnet.subnet-1.id","aws_subnet.subnet-1"]}},"schema_version":0},{"address":"aws_security_group.allow_web","mode":"managed","type":"aws_security_group","name":"allow_web","provider_config_key":"aws","expressions":{"description":{"constant_value":"Allow web traffic"},"egress":{"constant_value":[{"cidr_blocks":["0.0.0.0/0"],"description":null,"from_port":0,"ipv6_cidr_blocks":null,"prefix_list_ids":null,"protocol":"-1","security_groups":null,"self":null,"to_port":0}]},"ingress":{"constant_value":[{"cidr_blocks":["0.0.0.0/0"],"description":"HTTPS","from_port":443,"ipv6_cidr_blocks":null,"prefix_list_ids":null,"protocol":"tcp","security_groups":null,"self":null,"to_port":443},{"cidr_blocks":["0.0.0.0/0"],"description":"HTTP","from_port":80,"ipv6_cidr_blocks":null,"prefix_list_ids":null,"protocol":"tcp","security_groups":null,"self":null,"to_port":80},{"cidr_blocks":["0.0.0.0/0"],"description":"SSH","from_port":22,"ipv6_cidr_blocks":null,"prefix_list_ids":null,"protocol":"tcp","security_groups":null,"self":null,"to_port":22}]},"name":{"constant_value":"allow_web"},"tags":{"constant_value":{"Name":"allow_web"}},"vpc_id":{"references":["aws_vpc.prod-vpc.id","aws_vpc.prod-vpc"]}},"schema_version":1},{"address":"aws_subnet.subnet-1","mode":"managed","type":"aws_subnet","name":"subnet-1","provider_config_key":"aws","expressions":{"availability_zone":{"constant_value":"sa-east-1a"},"cidr_block":{"constant_value":"10.0.1.0/24"},"tags":{"constant_value":{"Name":"prod-subnet"}},"vpc_id":{"references":["aws_vpc.prod-vpc.id","aws_vpc.prod-vpc"]}},"schema_version":1},{"address":"aws_vpc.prod-vpc","mode":"managed","type":"aws_vpc","name":"prod-vpc","provider_config_key":"aws","expressions":{"cidr_block":{"constant_value":"10.0.0.0/16"},"tags":{"constant_value":{"Name":"production"}}},"schema_version":1}],"variables":{"AZ":{"default":"sa-east-1a","description":"Availability Zone for the EC2 instance"},"ami_id":{"default":"","description":"AMI ID for the EC2 instance"},"aws_access_key":{"default":"","description":"AWS access key"},"aws_region":{"default":"","description":"AWS region for the EC2 instance"},"aws_secret_key":{"default":"","description":"AWS secret key"},"instance_type":{"default":"t2.micro","description":"Type of the EC2 instance"}}}},"relevant_attributes":[{"resource":"aws_security_group.allow_web","attribute":["id"]},{"resource":"aws_network_interface.web-server-nic","attribute":["id"]},{"resource":"aws_vpc.prod-vpc","attribute":["id"]},{"resource":"aws_internet_gateway.gw","attribute":["id"]},{"resource":"aws_route_table.prod-route-table","attribute":["id"]},{"resource":"aws_subnet.subnet-1","attribute":["id"]}],"timestamp":"2023-10-19T22:28:23Z"}
